// !$*UTF8*$!
{
	archiveVersion = 1;
	classes = {
	};
	objectVersion = 46;
	objects = {

/* Begin PBXBuildFile section */
		65ADB1DA1E5723D3008681BC /* AppDelegate.swift in Sources */ = {isa = PBXBuildFile; fileRef = 65ADB1D91E5723D3008681BC /* AppDelegate.swift */; };
		65ADB1DC1E5723D3008681BC /* ViewController.swift in Sources */ = {isa = PBXBuildFile; fileRef = 65ADB1DB1E5723D3008681BC /* ViewController.swift */; };
		65ADB1DF1E5723D3008681BC /* Main.storyboard in Resources */ = {isa = PBXBuildFile; fileRef = 65ADB1DD1E5723D3008681BC /* Main.storyboard */; };
		65ADB1E11E5723D3008681BC /* Assets.xcassets in Resources */ = {isa = PBXBuildFile; fileRef = 65ADB1E01E5723D3008681BC /* Assets.xcassets */; };
		65ADB1E41E5723D3008681BC /* LaunchScreen.storyboard in Resources */ = {isa = PBXBuildFile; fileRef = 65ADB1E21E5723D3008681BC /* LaunchScreen.storyboard */; };
		65ADB1EF1E572BB6008681BC /* GoogleService-Info.plist in Resources */ = {isa = PBXBuildFile; fileRef = 65ADB1EE1E572BB6008681BC /* GoogleService-Info.plist */; };
		65ADB1F31E57403B008681BC /* PokeAnnotation.swift in Sources */ = {isa = PBXBuildFile; fileRef = 65ADB1F21E57403B008681BC /* PokeAnnotation.swift */; };
		E7CB0B18BE01F7272E8D2A80 /* Pods_pokesearch.framework in Frameworks */ = {isa = PBXBuildFile; fileRef = BEE8C72B04165BFFBAB2DFE0 /* Pods_pokesearch.framework */; };
/* End PBXBuildFile section */

/* Begin PBXFileReference section */
		65ADB1D61E5723D3008681BC /* pokesearch.app */ = {isa = PBXFileReference; explicitFileType = wrapper.application; includeInIndex = 0; path = pokesearch.app; sourceTree = BUILT_PRODUCTS_DIR; };
		65ADB1D91E5723D3008681BC /* AppDelegate.swift */ = {isa = PBXFileReference; lastKnownFileType = sourcecode.swift; path = AppDelegate.swift; sourceTree = "<group>"; };
		65ADB1DB1E5723D3008681BC /* ViewController.swift */ = {isa = PBXFileReference; lastKnownFileType = sourcecode.swift; path = ViewController.swift; sourceTree = "<group>"; };
		65ADB1DE1E5723D3008681BC /* Base */ = {isa = PBXFileReference; lastKnownFileType = file.storyboard; name = Base; path = Base.lproj/Main.storyboard; sourceTree = "<group>"; };
		65ADB1E01E5723D3008681BC /* Assets.xcassets */ = {isa = PBXFileReference; lastKnownFileType = folder.assetcatalog; path = Assets.xcassets; sourceTree = "<group>"; };
		65ADB1E31E5723D3008681BC /* Base */ = {isa = PBXFileReference; lastKnownFileType = file.storyboard; name = Base; path = Base.lproj/LaunchScreen.storyboard; sourceTree = "<group>"; };
		65ADB1E51E5723D3008681BC /* Info.plist */ = {isa = PBXFileReference; lastKnownFileType = text.plist.xml; path = Info.plist; sourceTree = "<group>"; };
		65ADB1EE1E572BB6008681BC /* GoogleService-Info.plist */ = {isa = PBXFileReference; fileEncoding = 4; lastKnownFileType = text.plist.xml; path = "GoogleService-Info.plist"; sourceTree = "<group>"; };
		65ADB1F21E57403B008681BC /* PokeAnnotation.swift */ = {isa = PBXFileReference; fileEncoding = 4; lastKnownFileType = sourcecode.swift; path = PokeAnnotation.swift; sourceTree = "<group>"; };
		BE5CC420D9B0BC1CA5EACE25 /* Pods-pokesearch.release.xcconfig */ = {isa = PBXFileReference; includeInIndex = 1; lastKnownFileType = text.xcconfig; name = "Pods-pokesearch.release.xcconfig"; path = "Pods/Target Support Files/Pods-pokesearch/Pods-pokesearch.release.xcconfig"; sourceTree = "<group>"; };
		BEE8C72B04165BFFBAB2DFE0 /* Pods_pokesearch.framework */ = {isa = PBXFileReference; explicitFileType = wrapper.framework; includeInIndex = 0; path = Pods_pokesearch.framework; sourceTree = BUILT_PRODUCTS_DIR; };
		CE6508385E7924C89C083218 /* Pods-pokesearch.debug.xcconfig */ = {isa = PBXFileReference; includeInIndex = 1; lastKnownFileType = text.xcconfig; name = "Pods-pokesearch.debug.xcconfig"; path = "Pods/Target Support Files/Pods-pokesearch/Pods-pokesearch.debug.xcconfig"; sourceTree = "<group>"; };
/* End PBXFileReference section */

/* Begin PBXFrameworksBuildPhase section */
		65ADB1D31E5723D3008681BC /* Frameworks */ = {
			isa = PBXFrameworksBuildPhase;
			buildActionMask = 2147483647;
			files = (
				E7CB0B18BE01F7272E8D2A80 /* Pods_pokesearch.framework in Frameworks */,
			);
			runOnlyForDeploymentPostprocessing = 0;
		};
/* End PBXFrameworksBuildPhase section */

/* Begin PBXGroup section */
		65ADB1CD1E5723D3008681BC = {
			isa = PBXGroup;
			children = (
				65ADB1D81E5723D3008681BC /* pokesearch */,
				65ADB1D71E5723D3008681BC /* Products */,
				F18A4B12FEE001C65E783C93 /* Pods */,
				6E5E8D523A3D3D9424A55B3B /* Frameworks */,
			);
			sourceTree = "<group>";
		};
		65ADB1D71E5723D3008681BC /* Products */ = {
			isa = PBXGroup;
			children = (
				65ADB1D61E5723D3008681BC /* pokesearch.app */,
			);
			name = Products;
			sourceTree = "<group>";
		};
		65ADB1D81E5723D3008681BC /* pokesearch */ = {
			isa = PBXGroup;
			children = (
				65ADB1F11E573E48008681BC /* Model */,
				65ADB1F01E573E3B008681BC /* Controller */,
				65ADB1D91E5723D3008681BC /* AppDelegate.swift */,
				65ADB1DD1E5723D3008681BC /* Main.storyboard */,
				65ADB1E01E5723D3008681BC /* Assets.xcassets */,
				65ADB1E21E5723D3008681BC /* LaunchScreen.storyboard */,
				65ADB1EE1E572BB6008681BC /* GoogleService-Info.plist */,
				65ADB1E51E5723D3008681BC /* Info.plist */,
			);
			path = pokesearch;
			sourceTree = "<group>";
		};
		65ADB1F01E573E3B008681BC /* Controller */ = {
			isa = PBXGroup;
			children = (
				65ADB1DB1E5723D3008681BC /* ViewController.swift */,
			);
			name = Controller;
			sourceTree = "<group>";
		};
		65ADB1F11E573E48008681BC /* Model */ = {
			isa = PBXGroup;
			children = (
				65ADB1F21E57403B008681BC /* PokeAnnotation.swift */,
			);
			name = Model;
			sourceTree = "<group>";
		};
		6E5E8D523A3D3D9424A55B3B /* Frameworks */ = {
			isa = PBXGroup;
			children = (
				BEE8C72B04165BFFBAB2DFE0 /* Pods_pokesearch.framework */,
			);
			name = Frameworks;
			sourceTree = "<group>";
		};
		F18A4B12FEE001C65E783C93 /* Pods */ = {
			isa = PBXGroup;
			children = (
				CE6508385E7924C89C083218 /* Pods-pokesearch.debug.xcconfig */,
				BE5CC420D9B0BC1CA5EACE25 /* Pods-pokesearch.release.xcconfig */,
			);
			name = Pods;
			sourceTree = "<group>";
		};
/* End PBXGroup section */

/* Begin PBXNativeTarget section */
		65ADB1D51E5723D3008681BC /* pokesearch */ = {
			isa = PBXNativeTarget;
			buildConfigurationList = 65ADB1E81E5723D3008681BC /* Build configuration list for PBXNativeTarget "pokesearch" */;
			buildPhases = (
				CBF620DB49BF950A8199F924 /* [CP] Check Pods Manifest.lock */,
				65ADB1D21E5723D3008681BC /* Sources */,
				65ADB1D31E5723D3008681BC /* Frameworks */,
				65ADB1D41E5723D3008681BC /* Resources */,
				6A59F0A1A911FB5902DEE18F /* [CP] Embed Pods Frameworks */,
				E5063AF77BA40F0B70C29BFE /* [CP] Copy Pods Resources */,
			);
			buildRules = (
			);
			dependencies = (
			);
			name = pokesearch;
			productName = pokesearch;
			productReference = 65ADB1D61E5723D3008681BC /* pokesearch.app */;
			productType = "com.apple.product-type.application";
		};
/* End PBXNativeTarget section */

/* Begin PBXProject section */
		65ADB1CE1E5723D3008681BC /* Project object */ = {
			isa = PBXProject;
			attributes = {
				LastSwiftUpdateCheck = 0820;
				LastUpgradeCheck = 0820;
				ORGANIZATIONNAME = "Andre Boevink";
				TargetAttributes = {
					65ADB1D51E5723D3008681BC = {
						CreatedOnToolsVersion = 8.2.1;
						DevelopmentTeam = 4RH753AMBU;
						ProvisioningStyle = Automatic;
					};
				};
			};
			buildConfigurationList = 65ADB1D11E5723D3008681BC /* Build configuration list for PBXProject "pokesearch" */;
			compatibilityVersion = "Xcode 3.2";
			developmentRegion = English;
			hasScannedForEncodings = 0;
			knownRegions = (
				en,
				Base,
			);
			mainGroup = 65ADB1CD1E5723D3008681BC;
			productRefGroup = 65ADB1D71E5723D3008681BC /* Products */;
			projectDirPath = "";
			projectRoot = "";
			targets = (
				65ADB1D51E5723D3008681BC /* pokesearch */,
			);
		};
/* End PBXProject section */

/* Begin PBXResourcesBuildPhase section */
		65ADB1D41E5723D3008681BC /* Resources */ = {
			isa = PBXResourcesBuildPhase;
			buildActionMask = 2147483647;
			files = (
				65ADB1E41E5723D3008681BC /* LaunchScreen.storyboard in Resources */,
				65ADB1EF1E572BB6008681BC /* GoogleService-Info.plist in Resources */,
				65ADB1E11E5723D3008681BC /* Assets.xcassets in Resources */,
				65ADB1DF1E5723D3008681BC /* Main.storyboard in Resources */,
			);
			runOnlyForDeploymentPostprocessing = 0;
		};
/* End PBXResourcesBuildPhase section */

/* Begin PBXShellScriptBuildPhase section */
		6A59F0A1A911FB5902DEE18F /* [CP] Embed Pods Frameworks */ = {
			isa = PBXShellScriptBuildPhase;
			buildActionMask = 2147483647;
			files = (
			);
			inputPaths = (
			);
			name = "[CP] Embed Pods Frameworks";
			outputPaths = (
			);
			runOnlyForDeploymentPostprocessing = 0;
			shellPath = /bin/sh;
			shellScript = "\"${SRCROOT}/Pods/Target Support Files/Pods-pokesearch/Pods-pokesearch-frameworks.sh\"\n";
			showEnvVarsInLog = 0;
		};
		CBF620DB49BF950A8199F924 /* [CP] Check Pods Manifest.lock */ = {
			isa = PBXShellScriptBuildPhase;
			buildActionMask = 2147483647;
			files = (
			);
			inputPaths = (
			);
			name = "[CP] Check Pods Manifest.lock";
			outputPaths = (
			);
			runOnlyForDeploymentPostprocessing = 0;
			shellPath = /bin/sh;
			shellScript = "diff \"${PODS_ROOT}/../Podfile.lock\" \"${PODS_ROOT}/Manifest.lock\" > /dev/null\nif [ $? != 0 ] ; then\n    # print error to STDERR\n    echo \"error: The sandbox is not in sync with the Podfile.lock. Run 'pod install' or update your CocoaPods installation.\" >&2\n    exit 1\nfi\n";
			showEnvVarsInLog = 0;
		};
		E5063AF77BA40F0B70C29BFE /* [CP] Copy Pods Resources */ = {
			isa = PBXShellScriptBuildPhase;
			buildActionMask = 2147483647;
			files = (
			);
			inputPaths = (
			);
			name = "[CP] Copy Pods Resources";
			outputPaths = (
			);
			runOnlyForDeploymentPostprocessing = 0;
			shellPath = /bin/sh;
			shellScript = "\"${SRCROOT}/Pods/Target Support Files/Pods-pokesearch/Pods-pokesearch-resources.sh\"\n";
			showEnvVarsInLog = 0;
		};
/* End PBXShellScriptBuildPhase section */

/* Begin PBXSourcesBuildPhase section */
		65ADB1D21E5723D3008681BC /* Sources */ = {
			isa = PBXSourcesBuildPhase;
			buildActionMask = 2147483647;
			files = (
				65ADB1DC1E5723D3008681BC /* ViewController.swift in Sources */,
				65ADB1F31E57403B008681BC /* PokeAnnotation.swift in Sources */,
				65ADB1DA1E5723D3008681BC /* AppDelegate.swift in Sources */,
			);
			runOnlyForDeploymentPostprocessing = 0;
		};
/* End PBXSourcesBuildPhase section */

/* Begin PBXVariantGroup section */
		65ADB1DD1E5723D3008681BC /* Main.storyboard */ = {
			isa = PBXVariantGroup;
			children = (
				65ADB1DE1E5723D3008681BC /* Base */,
			);
			name = Main.storyboard;
			sourceTree = "<group>";
		};
		65ADB1E21E5723D3008681BC /* LaunchScreen.storyboard */ = {
			isa = PBXVariantGroup;
			children = (
				65ADB1E31E5723D3008681BC /* Base */,
			);
			name = LaunchScreen.storyboard;
			sourceTree = "<group>";
		};
/* End PBXVariantGroup section */

/* Begin XCBuildConfiguration section */
		65ADB1E61E5723D3008681BC /* Debug */ = {
			isa = XCBuildConfiguration;
			buildSettings = {
				ALWAYS_SEARCH_USER_PATHS = NO;
				CLANG_ANALYZER_NONNULL = YES;
				CLANG_CXX_LANGUAGE_STANDARD = "gnu++0x";
				CLANG_CXX_LIBRARY = "libc++";
				CLANG_ENABLE_MODULES = YES;
				CLANG_ENABLE_OBJC_ARC = YES;
				CLANG_WARN_BOOL_CONVERSION = YES;
				CLANG_WARN_CONSTANT_CONVERSION = YES;
				CLANG_WARN_DIRECT_OBJC_ISA_USAGE = YES_ERROR;
				CLANG_WARN_DOCUMENTATION_COMMENTS = YES;
				CLANG_WARN_EMPTY_BODY = YES;
				CLANG_WARN_ENUM_CONVERSION = YES;
				CLANG_WARN_INFINITE_RECURSION = YES;
				CLANG_WARN_INT_CONVERSION = YES;
				CLANG_WARN_OBJC_ROOT_CLASS = YES_ERROR;
				CLANG_WARN_SUSPICIOUS_MOVE = YES;
				CLANG_WARN_UNREACHABLE_CODE = YES;
				CLANG_WARN__DUPLICATE_METHOD_MATCH = YES;
				"CODE_SIGN_IDENTITY[sdk=iphoneos*]" = "iPhone Developer";
				COPY_PHASE_STRIP = NO;
				DEBUG_INFORMATION_FORMAT = dwarf;
				ENABLE_STRICT_OBJC_MSGSEND = YES;
				ENABLE_TESTABILITY = YES;
				GCC_C_LANGUAGE_STANDARD = gnu99;
				GCC_DYNAMIC_NO_PIC = NO;
				GCC_NO_COMMON_BLOCKS = YES;
				GCC_OPTIMIZATION_LEVEL = 0;
				GCC_PREPROCESSOR_DEFINITIONS = (
					"DEBUG=1",
					"$(inherited)",
				);
				GCC_WARN_64_TO_32_BIT_CONVERSION = YES;
				GCC_WARN_ABOUT_RETURN_TYPE = YES_ERROR;
				GCC_WARN_UNDECLARED_SELECTOR = YES;
				GCC_WARN_UNINITIALIZED_AUTOS = YES_AGGRESSIVE;
				GCC_WARN_UNUSED_FUNCTION = YES;
				GCC_WARN_UNUSED_VARIABLE = YES;
				IPHONEOS_DEPLOYMENT_TARGET = 10.2;
				MTL_ENABLE_DEBUG_INFO = YES;
				ONLY_ACTIVE_ARCH = YES;
				SDKROOT = iphoneos;
				SWIFT_ACTIVE_COMPILATION_CONDITIONS = DEBUG;
				SWIFT_OPTIMIZATION_LEVEL = "-Onone";
				TARGETED_DEVICE_FAMILY = "1,2";
			};
			name = Debug;
		};
		65ADB1E71E5723D3008681BC /* Release */ = {
			isa = XCBuildConfiguration;
			buildSettings = {
				ALWAYS_SEARCH_USER_PATHS = NO;
				CLANG_ANALYZER_NONNULL = YES;
				CLANG_CXX_LANGUAGE_STANDARD = "gnu++0x";
				CLANG_CXX_LIBRARY = "libc++";
				CLANG_ENABLE_MODULES = YES;
				CLANG_ENABLE_OBJC_ARC = YES;
				CLANG_WARN_BOOL_CONVERSION = YES;
				CLANG_WARN_CONSTANT_CONVERSION = YES;
				CLANG_WARN_DIRECT_OBJC_ISA_USAGE = YES_ERROR;
				CLANG_WARN_DOCUMENTATION_COMMENTS = YES;
				CLANG_WARN_EMPTY_BODY = YES;
				CLANG_WARN_ENUM_CONVERSION = YES;
				CLANG_WARN_INFINITE_RECURSION = YES;
				CLANG_WARN_INT_CONVERSION = YES;
				CLANG_WARN_OBJC_ROOT_CLASS = YES_ERROR;
				CLANG_WARN_SUSPICIOUS_MOVE = YES;
				CLANG_WARN_UNREACHABLE_CODE = YES;
				CLANG_WARN__DUPLICATE_METHOD_MATCH = YES;
				"CODE_SIGN_IDENTITY[sdk=iphoneos*]" = "iPhone Developer";
				COPY_PHASE_STRIP = NO;
				DEBUG_INFORMATION_FORMAT = "dwarf-with-dsym";
				ENABLE_NS_ASSERTIONS = NO;
				ENABLE_STRICT_OBJC_MSGSEND = YES;
				GCC_C_LANGUAGE_STANDARD = gnu99;
				GCC_NO_COMMON_BLOCKS = YES;
				GCC_WARN_64_TO_32_BIT_CONVERSION = YES;
				GCC_WARN_ABOUT_RETURN_TYPE = YES_ERROR;
				GCC_WARN_UNDECLARED_SELECTOR = YES;
				GCC_WARN_UNINITIALIZED_AUTOS = YES_AGGRESSIVE;
				GCC_WARN_UNUSED_FUNCTION = YES;
				GCC_WARN_UNUSED_VARIABLE = YES;
				IPHONEOS_DEPLOYMENT_TARGET = 10.2;
				MTL_ENABLE_DEBUG_INFO = NO;
				SDKROOT = iphoneos;
				SWIFT_OPTIMIZATION_LEVEL = "-Owholemodule";
				TARGETED_DEVICE_FAMILY = "1,2";
				VALIDATE_PRODUCT = YES;
			};
			name = Release;
		};
		65ADB1E91E5723D3008681BC /* Debug */ = {
			isa = XCBuildConfiguration;
			baseConfigurationReference = CE6508385E7924C89C083218 /* Pods-pokesearch.debug.xcconfig */;
			buildSettings = {
				ASSETCATALOG_COMPILER_APPICON_NAME = AppIcon;
				DEVELOPMENT_TEAM = 4RH753AMBU;
				INFOPLIST_FILE = pokesearch/Info.plist;
				LD_RUNPATH_SEARCH_PATHS = "$(inherited) @executable_path/Frameworks";
				PRODUCT_BUNDLE_IDENTIFIER = com.DutchRascal.pokesearch;
				PRODUCT_NAME = "$(TARGET_NAME)";
				SWIFT_VERSION = 3.0;
			};
			name = Debug;
		};
		65ADB1EA1E5723D3008681BC /* Release */ = {
			isa = XCBuildConfiguration;
			baseConfigurationReference = BE5CC420D9B0BC1CA5EACE25 /* Pods-pokesearch.release.xcconfig */;
			buildSettings = {
				ASSETCATALOG_COMPILER_APPICON_NAME = AppIcon;
				DEVELOPMENT_TEAM = 4RH753AMBU;
				INFOPLIST_FILE = pokesearch/Info.plist;
				LD_RUNPATH_SEARCH_PATHS = "$(inherited) @executable_path/Frameworks";
				PRODUCT_BUNDLE_IDENTIFIER = com.DutchRascal.pokesearch;
				PRODUCT_NAME = "$(TARGET_NAME)";
				SWIFT_VERSION = 3.0;
			};
			name = Release;
		};
/* End XCBuildConfiguration section */

/* Begin XCConfigurationList section */
		65ADB1D11E5723D3008681BC /* Build configuration list for PBXProject "pokesearch" */ = {
			isa = XCConfigurationList;
			buildConfigurations = (
				65ADB1E61E5723D3008681BC /* Debug */,
				65ADB1E71E5723D3008681BC /* Release */,
			);
			defaultConfigurationIsVisible = 0;
			defaultConfigurationName = Release;
		};
		65ADB1E81E5723D3008681BC /* Build configuration list for PBXNativeTarget "pokesearch" */ = {
			isa = XCConfigurationList;
			buildConfigurations = (
				65ADB1E91E5723D3008681BC /* Debug */,
				65ADB1EA1E5723D3008681BC /* Release */,
			);
			defaultConfigurationIsVisible = 0;
			defaultConfigurationName = Release;
		};
/* End XCConfigurationList section */
	};
	rootObject = 65ADB1CE1E5723D3008681BC /* Project object */;
}
